Microsoft Visual Studio Solution File, Format Version 7.00
Project("{8BC9CEB8-8B4A-11D0-8D11-00A0C91BC942}") = "Out_FAAC", "Out_FAAC.vcproj", "{D60DE5FC-6DD6-4335-A37A-EC45BD819E7C}"
EndProject
Project("{8BC9CEB8-8B4A-11D0-8D11-00A0C91BC942}") = "libfaac", "..\..\libfaac\libfaac.vcproj", "{140B72E6-CC42-48D8-97FF-24FFF9A825E9}"
EndProject
Project("{8BC9CEB8-8B4A-11D0-8D11-00A0C91BC942}") = "libmp4v2_st", "..\..\..\faad2\common\mp4v2\libmp4v2_st60.vcproj", "{239FBB04-89E8-4463-BC48-D57E565F08FC}"
EndProject
Project("{8BC9CEB8-8B4A-11D0-8D11-00A0C91BC942}") = "id3lib", "..\..\..\faad2\common\id3lib\libprj\id3lib.vcproj", "{016F36CD-410C-4B47-A527-AF82B848E1EB}"
EndProject
Project("{8BC9CEB8-8B4A-11D0-8D11-00A0C91BC942}") = "zlib", "..\..\..\faad2\common\id3lib\zlib\prj\zlib.vcproj", "{873DE650-0D25-4EDA-846D-D36408A73E33}"
EndProject
Global
	GlobalSection(SolutionConfiguration) = preSolution
		ConfigName.0 = Debug
		ConfigName.1 = NASM Debug
		ConfigName.2 = NASM Release
		ConfigName.3 = Release
	EndGlobalSection
	GlobalSection(ProjectDependencies) = postSolution
		{D60DE5FC-6DD6-4335-A37A-EC45BD819E7C}.0 = {239FBB04-89E8-4463-BC48-D57E565F08FC}
		{D60DE5FC-6DD6-4335-A37A-EC45BD819E7C}.1 = {873DE650-0D25-4EDA-846D-D36408A73E33}
		{D60DE5FC-6DD6-4335-A37A-EC45BD819E7C}.2 = {140B72E6-CC42-48D8-97FF-24FFF9A825E9}
		{D60DE5FC-6DD6-4335-A37A-EC45BD819E7C}.3 = {016F36CD-410C-4B47-A527-AF82B848E1EB}
	EndGlobalSection
	GlobalSection(ProjectConfiguration) = postSolution
		{D60DE5FC-6DD6-4335-A37A-EC45BD819E7C}.Debug.ActiveCfg = Debug|Win32
		{D60DE5FC-6DD6-4335-A37A-EC45BD819E7C}.Debug.Build.0 = Debug|Win32
		{D60DE5FC-6DD6-4335-A37A-EC45BD819E7C}.NASM Debug.ActiveCfg = Debug|Win32
		{D60DE5FC-6DD6-4335-A37A-EC45BD819E7C}.NASM Debug.Build.0 = Debug|Win32
		{D60DE5FC-6DD6-4335-A37A-EC45BD819E7C}.NASM Release.ActiveCfg = Release|Win32
		{D60DE5FC-6DD6-4335-A37A-EC45BD819E7C}.NASM Release.Build.0 = Release|Win32
		{D60DE5FC-6DD6-4335-A37A-EC45BD819E7C}.Release.ActiveCfg = Release|Win32
		{D60DE5FC-6DD6-4335-A37A-EC45BD819E7C}.Release.Build.0 = Release|Win32
		{140B72E6-CC42-48D8-97FF-24FFF9A825E9}.Debug.ActiveCfg = Debug|Win32
		{140B72E6-CC42-48D8-97FF-24FFF9A825E9}.Debug.Build.0 = Debug|Win32
		{140B72E6-CC42-48D8-97FF-24FFF9A825E9}.NASM Debug.ActiveCfg = Debug|Win32
		{140B72E6-CC42-48D8-97FF-24FFF9A825E9}.NASM Debug.Build.0 = Debug|Win32
		{140B72E6-CC42-48D8-97FF-24FFF9A825E9}.NASM Release.ActiveCfg = Release|Win32
		{140B72E6-CC42-48D8-97FF-24FFF9A825E9}.NASM Release.Build.0 = Release|Win32
		{140B72E6-CC42-48D8-97FF-24FFF9A825E9}.Release.ActiveCfg = Release|Win32
		{140B72E6-CC42-48D8-97FF-24FFF9A825E9}.Release.Build.0 = Release|Win32
		{239FBB04-89E8-4463-BC48-D57E565F08FC}.Debug.ActiveCfg = Debug|Win32
		{239FBB04-89E8-4463-BC48-D57E565F08FC}.Debug.Build.0 = Debug|Win32
		{239FBB04-89E8-4463-BC48-D57E565F08FC}.NASM Debug.ActiveCfg = Debug|Win32
		{239FBB04-89E8-4463-BC48-D57E565F08FC}.NASM Debug.Build.0 = Debug|Win32
		{239FBB04-89E8-4463-BC48-D57E565F08FC}.NASM Release.ActiveCfg = Release|Win32
		{239FBB04-89E8-4463-BC48-D57E565F08FC}.NASM Release.Build.0 = Release|Win32
		{239FBB04-89E8-4463-BC48-D57E565F08FC}.Release.ActiveCfg = Release|Win32
		{239FBB04-89E8-4463-BC48-D57E565F08FC}.Release.Build.0 = Release|Win32
		{016F36CD-410C-4B47-A527-AF82B848E1EB}.Debug.ActiveCfg = Debug|Win32
		{016F36CD-410C-4B47-A527-AF82B848E1EB}.Debug.Build.0 = Debug|Win32
		{016F36CD-410C-4B47-A527-AF82B848E1EB}.NASM Debug.ActiveCfg = Debug|Win32
		{016F36CD-410C-4B47-A527-AF82B848E1EB}.NASM Debug.Build.0 = Debug|Win32
		{016F36CD-410C-4B47-A527-AF82B848E1EB}.NASM Release.ActiveCfg = Release|Win32
		{016F36CD-410C-4B47-A527-AF82B848E1EB}.NASM Release.Build.0 = Release|Win32
		{016F36CD-410C-4B47-A527-AF82B848E1EB}.Release.ActiveCfg = Release|Win32
		{016F36CD-410C-4B47-A527-AF82B848E1EB}.Release.Build.0 = Release|Win32
		{873DE650-0D25-4EDA-846D-D36408A73E33}.Debug.ActiveCfg = Debug|Win32
		{873DE650-0D25-4EDA-846D-D36408A73E33}.Debug.Build.0 = Debug|Win32
		{873DE650-0D25-4EDA-846D-D36408A73E33}.NASM Debug.ActiveCfg = NASM Debug|Win32
		{873DE650-0D25-4EDA-846D-D36408A73E33}.NASM Debug.Build.0 = NASM Debug|Win32
		{873DE650-0D25-4EDA-846D-D36408A73E33}.NASM Release.ActiveCfg = NASM Release|Win32
		{873DE650-0D25-4EDA-846D-D36408A73E33}.NASM Release.Build.0 = NASM Release|Win32
		{873DE650-0D25-4EDA-846D-D36408A73E33}.Release.ActiveCfg = Release|Win32
		{873DE650-0D25-4EDA-846D-D36408A73E33}.Release.Build.0 = Release|Win32
	EndGlobalSection
	GlobalSection(ExtensibilityGlobals) = postSolution
	EndGlobalSection
	GlobalSection(ExtensibilityAddIns) = postSolution
	EndGlobalSection
EndGlobal
