<?xml version="1.0" encoding="utf-8"?>
<Project ToolsVersion="4.0" xmlns="http://schemas.microsoft.com/developer/msbuild/2003">
  <ItemGroup>
    <Filter Include="Source Files">
      <UniqueIdentifier>{c76ca49b-b803-46e5-a392-7c630b482af6}</UniqueIdentifier>
      <Extensions>cpp;c;cxx;rc;def;r;odl;idl;hpj;bat</Extensions>
    </Filter>
    <Filter Include="Header Files">
      <UniqueIdentifier>{321d4908-5e90-4d86-b269-14d20fca0a59}</UniqueIdentifier>
      <Extensions>h;hpp;hxx;hm;inl</Extensions>
    </Filter>
  </ItemGroup>
  <ItemGroup>
    <ClCompile Include="..\..\frontend\input.c">
      <Filter>Source Files</Filter>
    </ClCompile>
    <ClCompile Include="..\..\frontend\main.c">
      <Filter>Source Files</Filter>
    </ClCompile>
    <ClCompile Include="..\..\frontend\mp4write.c">
      <Filter>Source Files</Filter>
    </ClCompile>
  </ItemGroup>
  <ItemGroup>
    <ClInclude Include="..\..\include\faac.h">
      <Filter>Header Files</Filter>
    </ClInclude>
    <ClInclude Include="..\..\frontend\getopt.h">
      <Filter>Header Files</Filter>
    </ClInclude>
    <ClInclude Include="..\..\frontend\input.h">
      <Filter>Header Files</Filter>
    </ClInclude>
    <ClInclude Include="..\..\frontend\mp4write.h">
      <Filter>Header Files</Filter>
    </ClInclude>
    <ClInclude Include="unistd.h">
      <Filter>Header Files</Filter>
    </ClInclude>
  </ItemGroup>
</Project>