<?xml version="1.0" encoding="utf-8"?>
<Project ToolsVersion="4.0" xmlns="http://schemas.microsoft.com/developer/msbuild/2003">
  <ItemGroup>
    <Filter Include="Source Files">
      <UniqueIdentifier>{349c2ac9-04e9-4300-93df-39710715f031}</UniqueIdentifier>
      <Extensions>cpp;c;cxx;rc;def;r;odl;idl;hpj;bat</Extensions>
    </Filter>
    <Filter Include="Header Files">
      <UniqueIdentifier>{e69450a4-7cd1-43b1-94d5-ccf9041f042e}</UniqueIdentifier>
      <Extensions>h;hpp;hxx;hm;inl</Extensions>
    </Filter>
  </ItemGroup>
  <ItemGroup>
    <ClCompile Include="..\..\libfaac\bitstream.c">
      <Filter>Source Files</Filter>
    </ClCompile>
    <ClCompile Include="..\..\libfaac\channels.c">
      <Filter>Source Files</Filter>
    </ClCompile>
    <ClCompile Include="..\..\libfaac\fft.c">
      <Filter>Source Files</Filter>
    </ClCompile>
    <ClCompile Include="..\..\libfaac\filtbank.c">
      <Filter>Source Files</Filter>
    </ClCompile>
    <ClCompile Include="..\..\libfaac\frame.c">
      <Filter>Source Files</Filter>
    </ClCompile>
    <ClCompile Include="..\..\libfaac\tns.c">
      <Filter>Source Files</Filter>
    </ClCompile>
    <ClCompile Include="..\..\libfaac\util.c">
      <Filter>Source Files</Filter>
    </ClCompile>
    <ClCompile Include="..\..\libfaac\blockswitch.c">
      <Filter>Source Files</Filter>
    </ClCompile>
    <ClCompile Include="..\..\libfaac\quantize.c">
      <Filter>Source Files</Filter>
    </ClCompile>
    <ClCompile Include="..\..\libfaac\huff2.c">
      <Filter>Source Files</Filter>
    </ClCompile>
    <ClCompile Include="..\..\libfaac\huffdata.c">
      <Filter>Source Files</Filter>
    </ClCompile>
    <ClCompile Include="..\..\libfaac\stereo.c">
      <Filter>Source Files</Filter>
    </ClCompile>
  </ItemGroup>
  <ItemGroup>
    <ClInclude Include="..\..\libfaac\bitstream.h">
      <Filter>Header Files</Filter>
    </ClInclude>
    <ClInclude Include="..\..\libfaac\blockswitch.h">
      <Filter>Header Files</Filter>
    </ClInclude>
    <ClInclude Include="..\..\libfaac\channels.h">
      <Filter>Header Files</Filter>
    </ClInclude>
    <ClInclude Include="..\..\libfaac\coder.h">
      <Filter>Header Files</Filter>
    </ClInclude>
    <ClInclude Include="..\..\libfaac\fft.h">
      <Filter>Header Files</Filter>
    </ClInclude>
    <ClInclude Include="..\..\libfaac\filtbank.h">
      <Filter>Header Files</Filter>
    </ClInclude>
    <ClInclude Include="..\..\libfaac\frame.h">
      <Filter>Header Files</Filter>
    </ClInclude>
    <ClInclude Include="..\..\libfaac\quantize.h">
      <Filter>Header Files</Filter>
    </ClInclude>
    <ClInclude Include="..\..\libfaac\tns.h">
      <Filter>Header Files</Filter>
    </ClInclude>
    <ClInclude Include="..\..\libfaac\util.h">
      <Filter>Header Files</Filter>
    </ClInclude>
    <ClInclude Include="..\..\include\faac.h">
      <Filter>Header Files</Filter>
    </ClInclude>
    <ClInclude Include="..\..\include\faaccfg.h">
      <Filter>Header Files</Filter>
    </ClInclude>
    <ClInclude Include="..\..\libfaac\huff2.h">
      <Filter>Header Files</Filter>
    </ClInclude>
    <ClInclude Include="..\..\libfaac\huffdata.h">
      <Filter>Header Files</Filter>
    </ClInclude>
    <ClInclude Include="..\..\libfaac\stereo.h">
      <Filter>Header Files</Filter>
    </ClInclude>
    <ClInclude Include="..\..\libfaac\win32_ver.h">
      <Filter>Header Files</Filter>
    </ClInclude>
  </ItemGroup>
</Project>