Microsoft Visual Studio Solution File, Format Version 7.00
Project("{8BC9CEB8-8B4A-11D0-8D11-00A0C91BC942}") = "FAAC", "FAAC.vcproj", "{98D43204-EB3F-40C1-9B0D-2C33738C0788}"
EndProject
Project("{8BC9CEB8-8B4A-11D0-8D11-00A0C91BC942}") = "libfaac", "..\..\libfaac\libfaac.vcproj", "{D155A7E9-20BE-4480-B704-A7C74AE3DBB6}"
EndProject
Project("{8BC9CEB8-8B4A-11D0-8D11-00A0C91BC942}") = "libfaad", "..\..\..\faad2\libfaad\libfaad.vcproj", "{56FB973D-6363-4C20-A9EA-95759F34A8AB}"
EndProject
Project("{8BC9CEB8-8B4A-11D0-8D11-00A0C91BC942}") = "libmp4v2_st", "..\..\..\faad2\common\mp4v2\libmp4v2_st60.vcproj", "{2CF8D144-76E5-4F92-98C4-A572DF1CBD04}"
EndProject
Project("{8BC9CEB8-8B4A-11D0-8D11-00A0C91BC942}") = "id3lib", "..\..\..\faad2\common\id3lib\libprj\id3lib.vcproj", "{016F36CD-410C-4B47-A527-AF82B848E1EB}"
EndProject
Project("{8BC9CEB8-8B4A-11D0-8D11-00A0C91BC942}") = "zlib", "..\..\..\faad2\common\id3lib\zlib\prj\zlib.vcproj", "{873DE650-0D25-4EDA-846D-D36408A73E33}"
EndProject
Project("{8BC9CEB8-8B4A-11D0-8D11-00A0C91BC942}") = "aacInfoLib", "aacInfoLib.vcproj", "{7EFB2D8D-844F-416A-8D08-DA685C160058}"
EndProject
Global
	GlobalSection(SolutionConfiguration) = preSolution
		ConfigName.0 = Debug
		ConfigName.1 = NASM Debug
		ConfigName.2 = NASM Release
		ConfigName.3 = Release
	EndGlobalSection
	GlobalSection(ProjectDependencies) = postSolution
		{98D43204-EB3F-40C1-9B0D-2C33738C0788}.0 = {2CF8D144-76E5-4F92-98C4-A572DF1CBD04}
		{98D43204-EB3F-40C1-9B0D-2C33738C0788}.1 = {7EFB2D8D-844F-416A-8D08-DA685C160058}
		{98D43204-EB3F-40C1-9B0D-2C33738C0788}.2 = {56FB973D-6363-4C20-A9EA-95759F34A8AB}
		{98D43204-EB3F-40C1-9B0D-2C33738C0788}.3 = {873DE650-0D25-4EDA-846D-D36408A73E33}
		{98D43204-EB3F-40C1-9B0D-2C33738C0788}.4 = {D155A7E9-20BE-4480-B704-A7C74AE3DBB6}
		{98D43204-EB3F-40C1-9B0D-2C33738C0788}.5 = {016F36CD-410C-4B47-A527-AF82B848E1EB}
	EndGlobalSection
	GlobalSection(ProjectConfiguration) = postSolution
		{98D43204-EB3F-40C1-9B0D-2C33738C0788}.Debug.ActiveCfg = Debug|Win32
		{98D43204-EB3F-40C1-9B0D-2C33738C0788}.Debug.Build.0 = Debug|Win32
		{98D43204-EB3F-40C1-9B0D-2C33738C0788}.NASM Debug.ActiveCfg = Debug|Win32
		{98D43204-EB3F-40C1-9B0D-2C33738C0788}.NASM Debug.Build.0 = Debug|Win32
		{98D43204-EB3F-40C1-9B0D-2C33738C0788}.NASM Release.ActiveCfg = Release|Win32
		{98D43204-EB3F-40C1-9B0D-2C33738C0788}.NASM Release.Build.0 = Release|Win32
		{98D43204-EB3F-40C1-9B0D-2C33738C0788}.Release.ActiveCfg = Release|Win32
		{98D43204-EB3F-40C1-9B0D-2C33738C0788}.Release.Build.0 = Release|Win32
		{D155A7E9-20BE-4480-B704-A7C74AE3DBB6}.Debug.ActiveCfg = Debug|Win32
		{D155A7E9-20BE-4480-B704-A7C74AE3DBB6}.Debug.Build.0 = Debug|Win32
		{D155A7E9-20BE-4480-B704-A7C74AE3DBB6}.NASM Debug.ActiveCfg = Debug|Win32
		{D155A7E9-20BE-4480-B704-A7C74AE3DBB6}.NASM Debug.Build.0 = Debug|Win32
		{D155A7E9-20BE-4480-B704-A7C74AE3DBB6}.NASM Release.ActiveCfg = Release|Win32
		{D155A7E9-20BE-4480-B704-A7C74AE3DBB6}.NASM Release.Build.0 = Release|Win32
		{D155A7E9-20BE-4480-B704-A7C74AE3DBB6}.Release.ActiveCfg = Release|Win32
		{D155A7E9-20BE-4480-B704-A7C74AE3DBB6}.Release.Build.0 = Release|Win32
		{56FB973D-6363-4C20-A9EA-95759F34A8AB}.Debug.ActiveCfg = Debug|Win32
		{56FB973D-6363-4C20-A9EA-95759F34A8AB}.Debug.Build.0 = Debug|Win32
		{56FB973D-6363-4C20-A9EA-95759F34A8AB}.NASM Debug.ActiveCfg = Debug|Win32
		{56FB973D-6363-4C20-A9EA-95759F34A8AB}.NASM Debug.Build.0 = Debug|Win32
		{56FB973D-6363-4C20-A9EA-95759F34A8AB}.NASM Release.ActiveCfg = Release|Win32
		{56FB973D-6363-4C20-A9EA-95759F34A8AB}.NASM Release.Build.0 = Release|Win32
		{56FB973D-6363-4C20-A9EA-95759F34A8AB}.Release.ActiveCfg = Release|Win32
		{56FB973D-6363-4C20-A9EA-95759F34A8AB}.Release.Build.0 = Release|Win32
		{2CF8D144-76E5-4F92-98C4-A572DF1CBD04}.Debug.ActiveCfg = Debug|Win32
		{2CF8D144-76E5-4F92-98C4-A572DF1CBD04}.Debug.Build.0 = Debug|Win32
		{2CF8D144-76E5-4F92-98C4-A572DF1CBD04}.NASM Debug.ActiveCfg = Debug|Win32
		{2CF8D144-76E5-4F92-98C4-A572DF1CBD04}.NASM Debug.Build.0 = Debug|Win32
		{2CF8D144-76E5-4F92-98C4-A572DF1CBD04}.NASM Release.ActiveCfg = Release|Win32
		{2CF8D144-76E5-4F92-98C4-A572DF1CBD04}.NASM Release.Build.0 = Release|Win32
		{2CF8D144-76E5-4F92-98C4-A572DF1CBD04}.Release.ActiveCfg = Release|Win32
		{2CF8D144-76E5-4F92-98C4-A572DF1CBD04}.Release.Build.0 = Release|Win32
		{016F36CD-410C-4B47-A527-AF82B848E1EB}.Debug.ActiveCfg = Debug|Win32
		{016F36CD-410C-4B47-A527-AF82B848E1EB}.Debug.Build.0 = Debug|Win32
		{016F36CD-410C-4B47-A527-AF82B848E1EB}.NASM Debug.ActiveCfg = Debug|Win32
		{016F36CD-410C-4B47-A527-AF82B848E1EB}.NASM Debug.Build.0 = Debug|Win32
		{016F36CD-410C-4B47-A527-AF82B848E1EB}.NASM Release.ActiveCfg = Release|Win32
		{016F36CD-410C-4B47-A527-AF82B848E1EB}.NASM Release.Build.0 = Release|Win32
		{016F36CD-410C-4B47-A527-AF82B848E1EB}.Release.ActiveCfg = Release|Win32
		{016F36CD-410C-4B47-A527-AF82B848E1EB}.Release.Build.0 = Release|Win32
		{873DE650-0D25-4EDA-846D-D36408A73E33}.Debug.ActiveCfg = Debug|Win32
		{873DE650-0D25-4EDA-846D-D36408A73E33}.Debug.Build.0 = Debug|Win32
		{873DE650-0D25-4EDA-846D-D36408A73E33}.NASM Debug.ActiveCfg = NASM Debug|Win32
		{873DE650-0D25-4EDA-846D-D36408A73E33}.NASM Debug.Build.0 = NASM Debug|Win32
		{873DE650-0D25-4EDA-846D-D36408A73E33}.NASM Release.ActiveCfg = NASM Release|Win32
		{873DE650-0D25-4EDA-846D-D36408A73E33}.NASM Release.Build.0 = NASM Release|Win32
		{873DE650-0D25-4EDA-846D-D36408A73E33}.Release.ActiveCfg = Release|Win32
		{873DE650-0D25-4EDA-846D-D36408A73E33}.Release.Build.0 = Release|Win32
		{7EFB2D8D-844F-416A-8D08-DA685C160058}.Debug.ActiveCfg = Debug|Win32
		{7EFB2D8D-844F-416A-8D08-DA685C160058}.Debug.Build.0 = Debug|Win32
		{7EFB2D8D-844F-416A-8D08-DA685C160058}.NASM Debug.ActiveCfg = Debug|Win32
		{7EFB2D8D-844F-416A-8D08-DA685C160058}.NASM Debug.Build.0 = Debug|Win32
		{7EFB2D8D-844F-416A-8D08-DA685C160058}.NASM Release.ActiveCfg = Release|Win32
		{7EFB2D8D-844F-416A-8D08-DA685C160058}.NASM Release.Build.0 = Release|Win32
		{7EFB2D8D-844F-416A-8D08-DA685C160058}.Release.ActiveCfg = Release|Win32
		{7EFB2D8D-844F-416A-8D08-DA685C160058}.Release.Build.0 = Release|Win32
	EndGlobalSection
	GlobalSection(ExtensibilityGlobals) = postSolution
	EndGlobalSection
	GlobalSection(ExtensibilityAddIns) = postSolution
	EndGlobalSection
EndGlobal
